
Microsoft Visual Studio Solution File, Format Version 12.00
# Visual Studio Version 16
VisualStudioVersion = 16.0.30320.27
MinimumVisualStudioVersion = 15.0.26124.0
Project("{9A19103F-16F7-4668-BE54-9A1E7A4F7556}") = "LinkDotNet.EnumValueObject", "LinkDotNet.EnumValueObject\LinkDotNet.EnumValueObject.csproj", "{D5769B9E-B192-40AF-AA3F-47D0EED7CFFC}"
EndProject
Project("{2150E333-8FDC-42A3-9474-1A3956D46DE8}") = "Samples", "Samples", "{A3BD761C-BD7B-4851-A938-5A4FF73BBD54}"
EndProject
Project("{9A19103F-16F7-4668-BE54-9A1E7A4F7556}") = "LinkDotNet.EnumValueObject.Sample.EFCore", "Samples\LinkDotNet.EnumValueObject.Sample.EFCore\LinkDotNet.EnumValueObject.Sample.EFCore.csproj", "{63ACBCDB-E69E-4C22-8916-E97B3BB7D5F4}"
EndProject
Project("{9A19103F-16F7-4668-BE54-9A1E7A4F7556}") = "LinkDotNet.EnumValueObject.Sample", "Samples\LinkDotNet.EnumValueObject.Sample\LinkDotNet.EnumValueObject.Sample.csproj", "{F1B19454-305F-435F-98F6-22FBCE1FF056}"
EndProject
Project("{9A19103F-16F7-4668-BE54-9A1E7A4F7556}") = "LinkDotNet.EnumValueObject.UnitTests", "LinkDotNet.EnumValueObject.UnitTests\LinkDotNet.EnumValueObject.UnitTests.csproj", "{40B594E8-02EE-4F28-84CA-4E7D207E3808}"
EndProject
Project("{2150E333-8FDC-42A3-9474-1A3956D46DE8}") = "Converter", "Converter", "{FD4DC042-1533-47B5-BCEC-AC8FA0F84AB2}"
EndProject
Project("{9A19103F-16F7-4668-BE54-9A1E7A4F7556}") = "LinkDotNet.EnumValueObject.Converter.JsonConverter", "Converter\LinkDotNet.EnumValueObject.Converter.JsonConverter\LinkDotNet.EnumValueObject.Converter.JsonConverter.csproj", "{EA3856C9-743F-423D-9CC1-D86B75D69D6F}"
EndProject
Project("{9A19103F-16F7-4668-BE54-9A1E7A4F7556}") = "LinkDotNet.EnumValueObject.Sample.JsonConverter", "Samples\LinkDotNet.EnumValueObject.Sample.JsonConverter\LinkDotNet.EnumValueObject.Sample.JsonConverter.csproj", "{040CB551-38C8-42BA-9A94-035B8E642326}"
EndProject
Project("{9A19103F-16F7-4668-BE54-9A1E7A4F7556}") = "LinkDotNet.EnumValueObject.Converter.NHibernateInterceptor", "Converter\LinkDotNet.EnumValueObject.Converter.NHibernateInterceptor\LinkDotNet.EnumValueObject.Converter.NHibernateInterceptor.csproj", "{EED26726-14F9-48A1-BE47-C2DB122AEDC6}"
EndProject
Project("{FAE04EC0-301F-11D3-BF4B-00C04F79EFBC}") = "LinkDotNet.EnumValueObject.Sample.NHibernateConverter", "Samples\LinkDotNet.EnumValueObject.Sample.NHibernateConverter\LinkDotNet.EnumValueObject.Sample.NHibernateConverter.csproj", "{C3C12457-2B1E-410E-A7C8-C9E892237387}"
EndProject
Global
	GlobalSection(SolutionConfigurationPlatforms) = preSolution
		Debug|Any CPU = Debug|Any CPU
		Release|Any CPU = Release|Any CPU
	EndGlobalSection
	GlobalSection(ProjectConfigurationPlatforms) = postSolution
		{D5769B9E-B192-40AF-AA3F-47D0EED7CFFC}.Debug|Any CPU.ActiveCfg = Debug|Any CPU
		{D5769B9E-B192-40AF-AA3F-47D0EED7CFFC}.Debug|Any CPU.Build.0 = Debug|Any CPU
		{D5769B9E-B192-40AF-AA3F-47D0EED7CFFC}.Release|Any CPU.ActiveCfg = Release|Any CPU
		{D5769B9E-B192-40AF-AA3F-47D0EED7CFFC}.Release|Any CPU.Build.0 = Release|Any CPU
		{63ACBCDB-E69E-4C22-8916-E97B3BB7D5F4}.Debug|Any CPU.ActiveCfg = Debug|Any CPU
		{63ACBCDB-E69E-4C22-8916-E97B3BB7D5F4}.Debug|Any CPU.Build.0 = Debug|Any CPU
		{63ACBCDB-E69E-4C22-8916-E97B3BB7D5F4}.Release|Any CPU.ActiveCfg = Release|Any CPU
		{63ACBCDB-E69E-4C22-8916-E97B3BB7D5F4}.Release|Any CPU.Build.0 = Release|Any CPU
		{F1B19454-305F-435F-98F6-22FBCE1FF056}.Debug|Any CPU.ActiveCfg = Debug|Any CPU
		{F1B19454-305F-435F-98F6-22FBCE1FF056}.Debug|Any CPU.Build.0 = Debug|Any CPU
		{F1B19454-305F-435F-98F6-22FBCE1FF056}.Release|Any CPU.ActiveCfg = Release|Any CPU
		{F1B19454-305F-435F-98F6-22FBCE1FF056}.Release|Any CPU.Build.0 = Release|Any CPU
		{40B594E8-02EE-4F28-84CA-4E7D207E3808}.Debug|Any CPU.ActiveCfg = Debug|Any CPU
		{40B594E8-02EE-4F28-84CA-4E7D207E3808}.Debug|Any CPU.Build.0 = Debug|Any CPU
		{40B594E8-02EE-4F28-84CA-4E7D207E3808}.Release|Any CPU.ActiveCfg = Release|Any CPU
		{40B594E8-02EE-4F28-84CA-4E7D207E3808}.Release|Any CPU.Build.0 = Release|Any CPU
		{EA3856C9-743F-423D-9CC1-D86B75D69D6F}.Debug|Any CPU.ActiveCfg = Debug|Any CPU
		{EA3856C9-743F-423D-9CC1-D86B75D69D6F}.Debug|Any CPU.Build.0 = Debug|Any CPU
		{EA3856C9-743F-423D-9CC1-D86B75D69D6F}.Release|Any CPU.ActiveCfg = Release|Any CPU
		{EA3856C9-743F-423D-9CC1-D86B75D69D6F}.Release|Any CPU.Build.0 = Release|Any CPU
		{040CB551-38C8-42BA-9A94-035B8E642326}.Debug|Any CPU.ActiveCfg = Debug|Any CPU
		{040CB551-38C8-42BA-9A94-035B8E642326}.Debug|Any CPU.Build.0 = Debug|Any CPU
		{040CB551-38C8-42BA-9A94-035B8E642326}.Release|Any CPU.ActiveCfg = Release|Any CPU
		{040CB551-38C8-42BA-9A94-035B8E642326}.Release|Any CPU.Build.0 = Release|Any CPU
		{EED26726-14F9-48A1-BE47-C2DB122AEDC6}.Debug|Any CPU.ActiveCfg = Debug|Any CPU
		{EED26726-14F9-48A1-BE47-C2DB122AEDC6}.Debug|Any CPU.Build.0 = Debug|Any CPU
		{EED26726-14F9-48A1-BE47-C2DB122AEDC6}.Release|Any CPU.ActiveCfg = Release|Any CPU
		{EED26726-14F9-48A1-BE47-C2DB122AEDC6}.Release|Any CPU.Build.0 = Release|Any CPU
		{C3C12457-2B1E-410E-A7C8-C9E892237387}.Debug|Any CPU.ActiveCfg = Debug|Any CPU
		{C3C12457-2B1E-410E-A7C8-C9E892237387}.Debug|Any CPU.Build.0 = Debug|Any CPU
		{C3C12457-2B1E-410E-A7C8-C9E892237387}.Release|Any CPU.ActiveCfg = Release|Any CPU
		{C3C12457-2B1E-410E-A7C8-C9E892237387}.Release|Any CPU.Build.0 = Release|Any CPU
	EndGlobalSection
	GlobalSection(SolutionProperties) = preSolution
		HideSolutionNode = FALSE
	EndGlobalSection
	GlobalSection(NestedProjects) = preSolution
		{63ACBCDB-E69E-4C22-8916-E97B3BB7D5F4} = {A3BD761C-BD7B-4851-A938-5A4FF73BBD54}
		{F1B19454-305F-435F-98F6-22FBCE1FF056} = {A3BD761C-BD7B-4851-A938-5A4FF73BBD54}
		{EA3856C9-743F-423D-9CC1-D86B75D69D6F} = {FD4DC042-1533-47B5-BCEC-AC8FA0F84AB2}
		{040CB551-38C8-42BA-9A94-035B8E642326} = {A3BD761C-BD7B-4851-A938-5A4FF73BBD54}
		{EED26726-14F9-48A1-BE47-C2DB122AEDC6} = {FD4DC042-1533-47B5-BCEC-AC8FA0F84AB2}
		{C3C12457-2B1E-410E-A7C8-C9E892237387} = {A3BD761C-BD7B-4851-A938-5A4FF73BBD54}
	EndGlobalSection
	GlobalSection(ExtensibilityGlobals) = postSolution
		SolutionGuid = {DE9A468A-F35F-463B-B11C-8769F5307935}
	EndGlobalSection
EndGlobal
